{
  "sources": {
    "zsh": {
      "locked_version": "1.0.0"
    },
    "sudo": {
      "locked_version": "2.1.2"
    },
    "ruby_build": {
      "locked_version": "0.8.0"
    },
    "rbenv": {
      "locked_version": "0.7.3",
      "git": "https://github.com/fnichol/chef-rbenv",
      "ref": "9afb4e5da2e6212504a12de3bbbd410cd96100f6"
    },
    "docker": {
      "locked_version": "0.6.2",
      "git": "https://github.com/bflad/chef-docker.git",
      "ref": "4c4ec98d53d31a679e087227466d9e5ada1dcab9"
    },
    "virtualbox": {
      "locked_version": "1.0.0"
    },
    "users_and_groups": {
      "locked_version": "0.0.1",
      "git": "https://github.com/yuanying/chef-users_and_groups.git",
      "ref": "1906b1aeab028e4709c35ff1afc7dad62d61ed9b"
    },
    "nginx": {
      "locked_version": "1.7.0"
    },
    "nginx-site": {
      "locked_version": "0.1.0",
      "git": "https://github.com/yuanying/chef-nginx-site.git",
      "ref": "3cfa1e50f26ae8ae6906023a27dceb1d8766bc06"
    },
    "smbfs": {
      "locked_version": "0.2.0"
    },
    "java": {
      "locked_version": "1.12.0"
    },
    "windows": {
      "locked_version": "1.10.0"
    },
    "chef_handler": {
      "locked_version": "1.1.4"
    },
    "apt": {
      "locked_version": "2.0.0"
    },
    "git": {
      "locked_version": "2.5.2"
    },
    "dmg": {
      "locked_version": "1.1.0"
    },
    "build-essential": {
      "locked_version": "1.4.0"
    },
    "yum": {
      "locked_version": "2.3.0"
    },
    "runit": {
      "locked_version": "1.1.6"
    },
    "golang": {
      "locked_version": "1.1.0"
    },
    "lxc": {
      "locked_version": "1.0.0"
    },
    "modules": {
      "locked_version": "0.1.2"
    },
    "ohai": {
      "locked_version": "1.1.10"
    }
  }
}
