{
  "sources": {
    "zsh": {
      "locked_version": "1.0.0"
    },
    "sudo": {
      "locked_version": "2.2.2"
    },
    "docker": {
      "locked_version": "0.32.0",
      "git": "https://github.com/bflad/chef-docker.git",
      "ref": "e97374ddfcf8f69f6b5d963d0b4c06d3bad57b37"
    },
    "users_and_groups": {
      "locked_version": "0.0.1",
      "git": "https://github.com/yuanying/chef-users_and_groups.git",
      "ref": "1906b1aeab028e4709c35ff1afc7dad62d61ed9b"
    },
    "nginx": {
      "locked_version": "2.2.2"
    },
    "smbfs": {
      "locked_version": "0.2.0"
    },
    "database": {
      "locked_version": "2.1.2"
    },
    "apt": {
      "locked_version": "2.3.0"
    },
    "git": {
      "locked_version": "2.7.0"
    },
    "dmg": {
      "locked_version": "2.0.8"
    },
    "build-essential": {
      "locked_version": "1.4.2"
    },
    "yum": {
      "locked_version": "2.4.4"
    },
    "windows": {
      "locked_version": "1.11.0"
    },
    "chef_handler": {
      "locked_version": "1.1.4"
    },
    "runit": {
      "locked_version": "1.4.0"
    },
    "golang": {
      "locked_version": "1.2.0"
    },
    "homebrew": {
      "locked_version": "1.5.4"
    },
    "lxc": {
      "locked_version": "1.1.6"
    },
    "dpkg_autostart": {
      "locked_version": "0.1.10"
    },
    "modules": {
      "locked_version": "0.2.0"
    },
    "sysctl": {
      "locked_version": "0.3.5"
    },
    "yum-epel": {
      "locked_version": "0.2.0"
    },
    "bluepill": {
      "locked_version": "2.3.0"
    },
    "rsyslog": {
      "locked_version": "1.9.0"
    },
    "ohai": {
      "locked_version": "1.1.12"
    },
    "mysql": {
      "locked_version": "5.0.2"
    },
    "postgresql": {
      "locked_version": "3.3.4"
    },
    "openssl": {
      "locked_version": "1.1.0"
    },
    "aws": {
      "locked_version": "1.0.0"
    },
    "xfs": {
      "locked_version": "1.1.0"
    },
    "mysql-chef_gem": {
      "locked_version": "0.0.2"
    }
  }
}
